// !$*UTF8*$!
{
	archiveVersion = 1;
	classes = {
	};
	objectVersion = 46;
	objects = {

/* Begin PBXBuildFile section */
		DC58F6A51AC938B500041E66 /* main.m in Sources */ = {isa = PBXBuildFile; fileRef = DC58F6A41AC938B500041E66 /* main.m */; };
		DC58F6A81AC938B500041E66 /* AppDelegate.m in Sources */ = {isa = PBXBuildFile; fileRef = DC58F6A71AC938B500041E66 /* AppDelegate.m */; };
		DC58F6AB1AC938B500041E66 /* ViewController.m in Sources */ = {isa = PBXBuildFile; fileRef = DC58F6AA1AC938B500041E66 /* ViewController.m */; };
		DC58F6AE1AC938B500041E66 /* Main.storyboard in Resources */ = {isa = PBXBuildFile; fileRef = DC58F6AC1AC938B500041E66 /* Main.storyboard */; };
		DC58F6B01AC938B500041E66 /* Images.xcassets in Resources */ = {isa = PBXBuildFile; fileRef = DC58F6AF1AC938B500041E66 /* Images.xcassets */; };
		DC58F6B31AC938B500041E66 /* LaunchScreen.xib in Resources */ = {isa = PBXBuildFile; fileRef = DC58F6B11AC938B500041E66 /* LaunchScreen.xib */; };
		DC58F6BF1AC938B600041E66 /* HangmanTests.m in Sources */ = {isa = PBXBuildFile; fileRef = DC58F6BE1AC938B600041E66 /* HangmanTests.m */; };
		DC58F6D81AC9487F00041E66 /* Hangman0.gif in Resources */ = {isa = PBXBuildFile; fileRef = DC58F6C91AC9487F00041E66 /* Hangman0.gif */; };
		DC58F6D91AC9487F00041E66 /* Hangman1.gif in Resources */ = {isa = PBXBuildFile; fileRef = DC58F6CA1AC9487F00041E66 /* Hangman1.gif */; };
		DC58F6DA1AC9487F00041E66 /* Hangman2.gif in Resources */ = {isa = PBXBuildFile; fileRef = DC58F6CB1AC9487F00041E66 /* Hangman2.gif */; };
		DC58F6DB1AC9487F00041E66 /* Hangman3.gif in Resources */ = {isa = PBXBuildFile; fileRef = DC58F6CC1AC9487F00041E66 /* Hangman3.gif */; };
		DC58F6DC1AC9487F00041E66 /* Hangman4.gif in Resources */ = {isa = PBXBuildFile; fileRef = DC58F6CD1AC9487F00041E66 /* Hangman4.gif */; };
		DC58F6DD1AC9487F00041E66 /* Hangman5.gif in Resources */ = {isa = PBXBuildFile; fileRef = DC58F6CE1AC9487F00041E66 /* Hangman5.gif */; };
		DC58F6DE1AC9487F00041E66 /* Hangman6.gif in Resources */ = {isa = PBXBuildFile; fileRef = DC58F6CF1AC9487F00041E66 /* Hangman6.gif */; };
		DC58F6DF1AC9487F00041E66 /* Hangman7.gif in Resources */ = {isa = PBXBuildFile; fileRef = DC58F6D01AC9487F00041E66 /* Hangman7.gif */; };
		DC58F6E01AC9487F00041E66 /* Hangman8.gif in Resources */ = {isa = PBXBuildFile; fileRef = DC58F6D11AC9487F00041E66 /* Hangman8.gif */; };
		DC58F6E11AC9487F00041E66 /* Hangman9.gif in Resources */ = {isa = PBXBuildFile; fileRef = DC58F6D21AC9487F00041E66 /* Hangman9.gif */; };
		DC58F6E21AC9487F00041E66 /* Hangman10.gif in Resources */ = {isa = PBXBuildFile; fileRef = DC58F6D31AC9487F00041E66 /* Hangman10.gif */; };
		DC58F6E31AC9487F00041E66 /* Hangman11.gif in Resources */ = {isa = PBXBuildFile; fileRef = DC58F6D41AC9487F00041E66 /* Hangman11.gif */; };
		DC58F6E41AC9487F00041E66 /* Hangman12.gif in Resources */ = {isa = PBXBuildFile; fileRef = DC58F6D51AC9487F00041E66 /* Hangman12.gif */; };
		DC58F6E51AC9487F00041E66 /* Hangman13.gif in Resources */ = {isa = PBXBuildFile; fileRef = DC58F6D61AC9487F00041E66 /* Hangman13.gif */; };
		DC58F6E61AC9487F00041E66 /* Hangman14.gif in Resources */ = {isa = PBXBuildFile; fileRef = DC58F6D71AC9487F00041E66 /* Hangman14.gif */; };
		DC58F6EA1AC9493500041E66 /* HangmanWords.m in Sources */ = {isa = PBXBuildFile; fileRef = DC58F6E81AC9493500041E66 /* HangmanWords.m */; };
		DC58F6EB1AC9493500041E66 /* words.plist in Resources */ = {isa = PBXBuildFile; fileRef = DC58F6E91AC9493500041E66 /* words.plist */; };
		DC58F6EE1AC94C4500041E66 /* HangmanViewController.m in Sources */ = {isa = PBXBuildFile; fileRef = DC58F6ED1AC94C4500041E66 /* HangmanViewController.m */; };
/* End PBXBuildFile section */

/* Begin PBXContainerItemProxy section */
		DC58F6B91AC938B600041E66 /* PBXContainerItemProxy */ = {
			isa = PBXContainerItemProxy;
			containerPortal = DC58F6971AC938B500041E66 /* Project object */;
			proxyType = 1;
			remoteGlobalIDString = DC58F69E1AC938B500041E66;
			remoteInfo = Hangman;
		};
/* End PBXContainerItemProxy section */

/* Begin PBXFileReference section */
		DC58F69F1AC938B500041E66 /* Hangman.app */ = {isa = PBXFileReference; explicitFileType = wrapper.application; includeInIndex = 0; path = Hangman.app; sourceTree = BUILT_PRODUCTS_DIR; };
		DC58F6A31AC938B500041E66 /* Info.plist */ = {isa = PBXFileReference; lastKnownFileType = text.plist.xml; path = Info.plist; sourceTree = "<group>"; };
		DC58F6A41AC938B500041E66 /* main.m */ = {isa = PBXFileReference; lastKnownFileType = sourcecode.c.objc; path = main.m; sourceTree = "<group>"; };
		DC58F6A61AC938B500041E66 /* AppDelegate.h */ = {isa = PBXFileReference; lastKnownFileType = sourcecode.c.h; path = AppDelegate.h; sourceTree = "<group>"; };
		DC58F6A71AC938B500041E66 /* AppDelegate.m */ = {isa = PBXFileReference; lastKnownFileType = sourcecode.c.objc; path = AppDelegate.m; sourceTree = "<group>"; };
		DC58F6A91AC938B500041E66 /* ViewController.h */ = {isa = PBXFileReference; lastKnownFileType = sourcecode.c.h; path = ViewController.h; sourceTree = "<group>"; };
		DC58F6AA1AC938B500041E66 /* ViewController.m */ = {isa = PBXFileReference; lastKnownFileType = sourcecode.c.objc; path = ViewController.m; sourceTree = "<group>"; };
		DC58F6AD1AC938B500041E66 /* Base */ = {isa = PBXFileReference; lastKnownFileType = file.storyboard; name = Base; path = Base.lproj/Main.storyboard; sourceTree = "<group>"; };
		DC58F6AF1AC938B500041E66 /* Images.xcassets */ = {isa = PBXFileReference; lastKnownFileType = folder.assetcatalog; path = Images.xcassets; sourceTree = "<group>"; };
		DC58F6B21AC938B500041E66 /* Base */ = {isa = PBXFileReference; lastKnownFileType = file.xib; name = Base; path = Base.lproj/LaunchScreen.xib; sourceTree = "<group>"; };
		DC58F6B81AC938B600041E66 /* HangmanTests.xctest */ = {isa = PBXFileReference; explicitFileType = wrapper.cfbundle; includeInIndex = 0; path = HangmanTests.xctest; sourceTree = BUILT_PRODUCTS_DIR; };
		DC58F6BD1AC938B600041E66 /* Info.plist */ = {isa = PBXFileReference; lastKnownFileType = text.plist.xml; path = Info.plist; sourceTree = "<group>"; };
		DC58F6BE1AC938B600041E66 /* HangmanTests.m */ = {isa = PBXFileReference; lastKnownFileType = sourcecode.c.objc; path = HangmanTests.m; sourceTree = "<group>"; };
		DC58F6C91AC9487F00041E66 /* Hangman0.gif */ = {isa = PBXFileReference; lastKnownFileType = image.gif; path = Hangman0.gif; sourceTree = "<group>"; };
		DC58F6CA1AC9487F00041E66 /* Hangman1.gif */ = {isa = PBXFileReference; lastKnownFileType = image.gif; path = Hangman1.gif; sourceTree = "<group>"; };
		DC58F6CB1AC9487F00041E66 /* Hangman2.gif */ = {isa = PBXFileReference; lastKnownFileType = image.gif; path = Hangman2.gif; sourceTree = "<group>"; };
		DC58F6CC1AC9487F00041E66 /* Hangman3.gif */ = {isa = PBXFileReference; lastKnownFileType = image.gif; path = Hangman3.gif; sourceTree = "<group>"; };
		DC58F6CD1AC9487F00041E66 /* Hangman4.gif */ = {isa = PBXFileReference; lastKnownFileType = image.gif; path = Hangman4.gif; sourceTree = "<group>"; };
		DC58F6CE1AC9487F00041E66 /* Hangman5.gif */ = {isa = PBXFileReference; lastKnownFileType = image.gif; path = Hangman5.gif; sourceTree = "<group>"; };
		DC58F6CF1AC9487F00041E66 /* Hangman6.gif */ = {isa = PBXFileReference; lastKnownFileType = image.gif; path = Hangman6.gif; sourceTree = "<group>"; };
		DC58F6D01AC9487F00041E66 /* Hangman7.gif */ = {isa = PBXFileReference; lastKnownFileType = image.gif; path = Hangman7.gif; sourceTree = "<group>"; };
		DC58F6D11AC9487F00041E66 /* Hangman8.gif */ = {isa = PBXFileReference; lastKnownFileType = image.gif; path = Hangman8.gif; sourceTree = "<group>"; };
		DC58F6D21AC9487F00041E66 /* Hangman9.gif */ = {isa = PBXFileReference; lastKnownFileType = image.gif; path = Hangman9.gif; sourceTree = "<group>"; };
		DC58F6D31AC9487F00041E66 /* Hangman10.gif */ = {isa = PBXFileReference; lastKnownFileType = image.gif; path = Hangman10.gif; sourceTree = "<group>"; };
		DC58F6D41AC9487F00041E66 /* Hangman11.gif */ = {isa = PBXFileReference; lastKnownFileType = image.gif; path = Hangman11.gif; sourceTree = "<group>"; };
		DC58F6D51AC9487F00041E66 /* Hangman12.gif */ = {isa = PBXFileReference; lastKnownFileType = image.gif; path = Hangman12.gif; sourceTree = "<group>"; };
		DC58F6D61AC9487F00041E66 /* Hangman13.gif */ = {isa = PBXFileReference; lastKnownFileType = image.gif; path = Hangman13.gif; sourceTree = "<group>"; };
		DC58F6D71AC9487F00041E66 /* Hangman14.gif */ = {isa = PBXFileReference; lastKnownFileType = image.gif; path = Hangman14.gif; sourceTree = "<group>"; };
		DC58F6E71AC9493500041E66 /* HangmanWords.h */ = {isa = PBXFileReference; fileEncoding = 4; lastKnownFileType = sourcecode.c.h; path = HangmanWords.h; sourceTree = "<group>"; };
		DC58F6E81AC9493500041E66 /* HangmanWords.m */ = {isa = PBXFileReference; fileEncoding = 4; lastKnownFileType = sourcecode.c.objc; path = HangmanWords.m; sourceTree = "<group>"; };
		DC58F6E91AC9493500041E66 /* words.plist */ = {isa = PBXFileReference; fileEncoding = 4; lastKnownFileType = text.plist.xml; path = words.plist; sourceTree = "<group>"; };
		DC58F6EC1AC94C4500041E66 /* HangmanViewController.h */ = {isa = PBXFileReference; fileEncoding = 4; lastKnownFileType = sourcecode.c.h; path = HangmanViewController.h; sourceTree = "<group>"; };
		DC58F6ED1AC94C4500041E66 /* HangmanViewController.m */ = {isa = PBXFileReference; fileEncoding = 4; lastKnownFileType = sourcecode.c.objc; path = HangmanViewController.m; sourceTree = "<group>"; };
/* End PBXFileReference section */

/* Begin PBXFrameworksBuildPhase section */
		DC58F69C1AC938B500041E66 /* Frameworks */ = {
			isa = PBXFrameworksBuildPhase;
			buildActionMask = 2147483647;
			files = (
			);
			runOnlyForDeploymentPostprocessing = 0;
		};
		DC58F6B51AC938B600041E66 /* Frameworks */ = {
			isa = PBXFrameworksBuildPhase;
			buildActionMask = 2147483647;
			files = (
			);
			runOnlyForDeploymentPostprocessing = 0;
		};
/* End PBXFrameworksBuildPhase section */

/* Begin PBXGroup section */
		DC58F6961AC938B500041E66 = {
			isa = PBXGroup;
			children = (
				DC58F6C81AC9486000041E66 /* Resources */,
				DC58F6A11AC938B500041E66 /* Hangman */,
				DC58F6BB1AC938B600041E66 /* HangmanTests */,
				DC58F6A01AC938B500041E66 /* Products */,
			);
			sourceTree = "<group>";
		};
		DC58F6A01AC938B500041E66 /* Products */ = {
			isa = PBXGroup;
			children = (
				DC58F69F1AC938B500041E66 /* Hangman.app */,
				DC58F6B81AC938B600041E66 /* HangmanTests.xctest */,
			);
			name = Products;
			sourceTree = "<group>";
		};
		DC58F6A11AC938B500041E66 /* Hangman */ = {
			isa = PBXGroup;
			children = (
				DC58F6E71AC9493500041E66 /* HangmanWords.h */,
				DC58F6E81AC9493500041E66 /* HangmanWords.m */,
				DC58F6E91AC9493500041E66 /* words.plist */,
				DC58F6A61AC938B500041E66 /* AppDelegate.h */,
				DC58F6A71AC938B500041E66 /* AppDelegate.m */,
				DC58F6A91AC938B500041E66 /* ViewController.h */,
				DC58F6EC1AC94C4500041E66 /* HangmanViewController.h */,
				DC58F6ED1AC94C4500041E66 /* HangmanViewController.m */,
				DC58F6AA1AC938B500041E66 /* ViewController.m */,
				DC58F6AC1AC938B500041E66 /* Main.storyboard */,
				DC58F6AF1AC938B500041E66 /* Images.xcassets */,
				DC58F6B11AC938B500041E66 /* LaunchScreen.xib */,
				DC58F6A21AC938B500041E66 /* Supporting Files */,
			);
			path = Hangman;
			sourceTree = "<group>";
		};
		DC58F6A21AC938B500041E66 /* Supporting Files */ = {
			isa = PBXGroup;
			children = (
				DC58F6A31AC938B500041E66 /* Info.plist */,
				DC58F6A41AC938B500041E66 /* main.m */,
			);
			name = "Supporting Files";
			sourceTree = "<group>";
		};
		DC58F6BB1AC938B600041E66 /* HangmanTests */ = {
			isa = PBXGroup;
			children = (
				DC58F6BE1AC938B600041E66 /* HangmanTests.m */,
				DC58F6BC1AC938B600041E66 /* Supporting Files */,
			);
			path = HangmanTests;
			sourceTree = "<group>";
		};
		DC58F6BC1AC938B600041E66 /* Supporting Files */ = {
			isa = PBXGroup;
			children = (
				DC58F6BD1AC938B600041E66 /* Info.plist */,
			);
			name = "Supporting Files";
			sourceTree = "<group>";
		};
		DC58F6C81AC9486000041E66 /* Resources */ = {
			isa = PBXGroup;
			children = (
				DC58F6C91AC9487F00041E66 /* Hangman0.gif */,
				DC58F6CA1AC9487F00041E66 /* Hangman1.gif */,
				DC58F6CB1AC9487F00041E66 /* Hangman2.gif */,
				DC58F6CC1AC9487F00041E66 /* Hangman3.gif */,
				DC58F6CD1AC9487F00041E66 /* Hangman4.gif */,
				DC58F6CE1AC9487F00041E66 /* Hangman5.gif */,
				DC58F6CF1AC9487F00041E66 /* Hangman6.gif */,
				DC58F6D01AC9487F00041E66 /* Hangman7.gif */,
				DC58F6D11AC9487F00041E66 /* Hangman8.gif */,
				DC58F6D21AC9487F00041E66 /* Hangman9.gif */,
				DC58F6D31AC9487F00041E66 /* Hangman10.gif */,
				DC58F6D41AC9487F00041E66 /* Hangman11.gif */,
				DC58F6D51AC9487F00041E66 /* Hangman12.gif */,
				DC58F6D61AC9487F00041E66 /* Hangman13.gif */,
				DC58F6D71AC9487F00041E66 /* Hangman14.gif */,
			);
			name = Resources;
			sourceTree = "<group>";
		};
/* End PBXGroup section */

/* Begin PBXNativeTarget section */
		DC58F69E1AC938B500041E66 /* Hangman */ = {
			isa = PBXNativeTarget;
			buildConfigurationList = DC58F6C21AC938B600041E66 /* Build configuration list for PBXNativeTarget "Hangman" */;
			buildPhases = (
				DC58F69B1AC938B500041E66 /* Sources */,
				DC58F69C1AC938B500041E66 /* Frameworks */,
				DC58F69D1AC938B500041E66 /* Resources */,
			);
			buildRules = (
			);
			dependencies = (
			);
			name = Hangman;
			productName = Hangman;
			productReference = DC58F69F1AC938B500041E66 /* Hangman.app */;
			productType = "com.apple.product-type.application";
		};
		DC58F6B71AC938B600041E66 /* HangmanTests */ = {
			isa = PBXNativeTarget;
			buildConfigurationList = DC58F6C51AC938B600041E66 /* Build configuration list for PBXNativeTarget "HangmanTests" */;
			buildPhases = (
				DC58F6B41AC938B600041E66 /* Sources */,
				DC58F6B51AC938B600041E66 /* Frameworks */,
				DC58F6B61AC938B600041E66 /* Resources */,
			);
			buildRules = (
			);
			dependencies = (
				DC58F6BA1AC938B600041E66 /* PBXTargetDependency */,
			);
			name = HangmanTests;
			productName = HangmanTests;
			productReference = DC58F6B81AC938B600041E66 /* HangmanTests.xctest */;
			productType = "com.apple.product-type.bundle.unit-test";
		};
/* End PBXNativeTarget section */

/* Begin PBXProject section */
		DC58F6971AC938B500041E66 /* Project object */ = {
			isa = PBXProject;
			attributes = {
				LastUpgradeCheck = 0610;
				ORGANIZATIONNAME = sohyeonlee;
				TargetAttributes = {
					DC58F69E1AC938B500041E66 = {
						CreatedOnToolsVersion = 6.1;
					};
					DC58F6B71AC938B600041E66 = {
						CreatedOnToolsVersion = 6.1;
						TestTargetID = DC58F69E1AC938B500041E66;
					};
				};
			};
			buildConfigurationList = DC58F69A1AC938B500041E66 /* Build configuration list for PBXProject "Hangman" */;
			compatibilityVersion = "Xcode 3.2";
			developmentRegion = English;
			hasScannedForEncodings = 0;
			knownRegions = (
				en,
				Base,
			);
			mainGroup = DC58F6961AC938B500041E66;
			productRefGroup = DC58F6A01AC938B500041E66 /* Products */;
			projectDirPath = "";
			projectRoot = "";
			targets = (
				DC58F69E1AC938B500041E66 /* Hangman */,
				DC58F6B71AC938B600041E66 /* HangmanTests */,
			);
		};
/* End PBXProject section */

/* Begin PBXResourcesBuildPhase section */
		DC58F69D1AC938B500041E66 /* Resources */ = {
			isa = PBXResourcesBuildPhase;
			buildActionMask = 2147483647;
			files = (
				DC58F6AE1AC938B500041E66 /* Main.storyboard in Resources */,
				DC58F6DF1AC9487F00041E66 /* Hangman7.gif in Resources */,
				DC58F6E61AC9487F00041E66 /* Hangman14.gif in Resources */,
				DC58F6E11AC9487F00041E66 /* Hangman9.gif in Resources */,
				DC58F6E01AC9487F00041E66 /* Hangman8.gif in Resources */,
				DC58F6EB1AC9493500041E66 /* words.plist in Resources */,
				DC58F6B31AC938B500041E66 /* LaunchScreen.xib in Resources */,
				DC58F6E31AC9487F00041E66 /* Hangman11.gif in Resources */,
				DC58F6DD1AC9487F00041E66 /* Hangman5.gif in Resources */,
				DC58F6DB1AC9487F00041E66 /* Hangman3.gif in Resources */,
				DC58F6DE1AC9487F00041E66 /* Hangman6.gif in Resources */,
				DC58F6DA1AC9487F00041E66 /* Hangman2.gif in Resources */,
				DC58F6D81AC9487F00041E66 /* Hangman0.gif in Resources */,
				DC58F6E51AC9487F00041E66 /* Hangman13.gif in Resources */,
				DC58F6E21AC9487F00041E66 /* Hangman10.gif in Resources */,
				DC58F6B01AC938B500041E66 /* Images.xcassets in Resources */,
				DC58F6DC1AC9487F00041E66 /* Hangman4.gif in Resources */,
				DC58F6E41AC9487F00041E66 /* Hangman12.gif in Resources */,
				DC58F6D91AC9487F00041E66 /* Hangman1.gif in Resources */,
			);
			runOnlyForDeploymentPostprocessing = 0;
		};
		DC58F6B61AC938B600041E66 /* Resources */ = {
			isa = PBXResourcesBuildPhase;
			buildActionMask = 2147483647;
			files = (
			);
			runOnlyForDeploymentPostprocessing = 0;
		};
/* End PBXResourcesBuildPhase section */

/* Begin PBXSourcesBuildPhase section */
		DC58F69B1AC938B500041E66 /* Sources */ = {
			isa = PBXSourcesBuildPhase;
			buildActionMask = 2147483647;
			files = (
				DC58F6EE1AC94C4500041E66 /* HangmanViewController.m in Sources */,
				DC58F6AB1AC938B500041E66 /* ViewController.m in Sources */,
				DC58F6A81AC938B500041E66 /* AppDelegate.m in Sources */,
				DC58F6EA1AC9493500041E66 /* HangmanWords.m in Sources */,
				DC58F6A51AC938B500041E66 /* main.m in Sources */,
			);
			runOnlyForDeploymentPostprocessing = 0;
		};
		DC58F6B41AC938B600041E66 /* Sources */ = {
			isa = PBXSourcesBuildPhase;
			buildActionMask = 2147483647;
			files = (
				DC58F6BF1AC938B600041E66 /* HangmanTests.m in Sources */,
			);
			runOnlyForDeploymentPostprocessing = 0;
		};
/* End PBXSourcesBuildPhase section */

/* Begin PBXTargetDependency section */
		DC58F6BA1AC938B600041E66 /* PBXTargetDependency */ = {
			isa = PBXTargetDependency;
			target = DC58F69E1AC938B500041E66 /* Hangman */;
			targetProxy = DC58F6B91AC938B600041E66 /* PBXContainerItemProxy */;
		};
/* End PBXTargetDependency section */

/* Begin PBXVariantGroup section */
		DC58F6AC1AC938B500041E66 /* Main.storyboard */ = {
			isa = PBXVariantGroup;
			children = (
				DC58F6AD1AC938B500041E66 /* Base */,
			);
			name = Main.storyboard;
			sourceTree = "<group>";
		};
		DC58F6B11AC938B500041E66 /* LaunchScreen.xib */ = {
			isa = PBXVariantGroup;
			children = (
				DC58F6B21AC938B500041E66 /* Base */,
			);
			name = LaunchScreen.xib;
			sourceTree = "<group>";
		};
/* End PBXVariantGroup section */

/* Begin XCBuildConfiguration section */
		DC58F6C01AC938B600041E66 /* Debug */ = {
			isa = XCBuildConfiguration;
			buildSettings = {
				ALWAYS_SEARCH_USER_PATHS = NO;
				CLANG_CXX_LANGUAGE_STANDARD = "gnu++0x";
				CLANG_CXX_LIBRARY = "libc++";
				CLANG_ENABLE_MODULES = YES;
				CLANG_ENABLE_OBJC_ARC = YES;
				CLANG_WARN_BOOL_CONVERSION = YES;
				CLANG_WARN_CONSTANT_CONVERSION = YES;
				CLANG_WARN_DIRECT_OBJC_ISA_USAGE = YES_ERROR;
				CLANG_WARN_EMPTY_BODY = YES;
				CLANG_WARN_ENUM_CONVERSION = YES;
				CLANG_WARN_INT_CONVERSION = YES;
				CLANG_WARN_OBJC_ROOT_CLASS = YES_ERROR;
				CLANG_WARN_UNREACHABLE_CODE = YES;
				CLANG_WARN__DUPLICATE_METHOD_MATCH = YES;
				"CODE_SIGN_IDENTITY[sdk=iphoneos*]" = "iPhone Developer";
				COPY_PHASE_STRIP = NO;
				ENABLE_STRICT_OBJC_MSGSEND = YES;
				GCC_C_LANGUAGE_STANDARD = gnu99;
				GCC_DYNAMIC_NO_PIC = NO;
				GCC_OPTIMIZATION_LEVEL = 0;
				GCC_PREPROCESSOR_DEFINITIONS = (
					"DEBUG=1",
					"$(inherited)",
				);
				GCC_SYMBOLS_PRIVATE_EXTERN = NO;
				GCC_WARN_64_TO_32_BIT_CONVERSION = YES;
				GCC_WARN_ABOUT_RETURN_TYPE = YES_ERROR;
				GCC_WARN_UNDECLARED_SELECTOR = YES;
				GCC_WARN_UNINITIALIZED_AUTOS = YES_AGGRESSIVE;
				GCC_WARN_UNUSED_FUNCTION = YES;
				GCC_WARN_UNUSED_VARIABLE = YES;
				IPHONEOS_DEPLOYMENT_TARGET = 8.1;
				MTL_ENABLE_DEBUG_INFO = YES;
				ONLY_ACTIVE_ARCH = YES;
				SDKROOT = iphoneos;
				TARGETED_DEVICE_FAMILY = "1,2";
			};
			name = Debug;
		};
		DC58F6C11AC938B600041E66 /* Release */ = {
			isa = XCBuildConfiguration;
			buildSettings = {
				ALWAYS_SEARCH_USER_PATHS = NO;
				CLANG_CXX_LANGUAGE_STANDARD = "gnu++0x";
				CLANG_CXX_LIBRARY = "libc++";
				CLANG_ENABLE_MODULES = YES;
				CLANG_ENABLE_OBJC_ARC = YES;
				CLANG_WARN_BOOL_CONVERSION = YES;
				CLANG_WARN_CONSTANT_CONVERSION = YES;
				CLANG_WARN_DIRECT_OBJC_ISA_USAGE = YES_ERROR;
				CLANG_WARN_EMPTY_BODY = YES;
				CLANG_WARN_ENUM_CONVERSION = YES;
				CLANG_WARN_INT_CONVERSION = YES;
				CLANG_WARN_OBJC_ROOT_CLASS = YES_ERROR;
				CLANG_WARN_UNREACHABLE_CODE = YES;
				CLANG_WARN__DUPLICATE_METHOD_MATCH = YES;
				"CODE_SIGN_IDENTITY[sdk=iphoneos*]" = "iPhone Developer";
				COPY_PHASE_STRIP = YES;
				ENABLE_NS_ASSERTIONS = NO;
				ENABLE_STRICT_OBJC_MSGSEND = YES;
				GCC_C_LANGUAGE_STANDARD = gnu99;
				GCC_WARN_64_TO_32_BIT_CONVERSION = YES;
				GCC_WARN_ABOUT_RETURN_TYPE = YES_ERROR;
				GCC_WARN_UNDECLARED_SELECTOR = YES;
				GCC_WARN_UNINITIALIZED_AUTOS = YES_AGGRESSIVE;
				GCC_WARN_UNUSED_FUNCTION = YES;
				GCC_WARN_UNUSED_VARIABLE = YES;
				IPHONEOS_DEPLOYMENT_TARGET = 8.1;
				MTL_ENABLE_DEBUG_INFO = NO;
				SDKROOT = iphoneos;
				TARGETED_DEVICE_FAMILY = "1,2";
				VALIDATE_PRODUCT = YES;
			};
			name = Release;
		};
		DC58F6C31AC938B600041E66 /* Debug */ = {
			isa = XCBuildConfiguration;
			buildSettings = {
				ASSETCATALOG_COMPILER_APPICON_NAME = AppIcon;
				INFOPLIST_FILE = Hangman/Info.plist;
				LD_RUNPATH_SEARCH_PATHS = "$(inherited) @executable_path/Frameworks";
				PRODUCT_NAME = "$(TARGET_NAME)";
			};
			name = Debug;
		};
		DC58F6C41AC938B600041E66 /* Release */ = {
			isa = XCBuildConfiguration;
			buildSettings = {
				ASSETCATALOG_COMPILER_APPICON_NAME = AppIcon;
				INFOPLIST_FILE = Hangman/Info.plist;
				LD_RUNPATH_SEARCH_PATHS = "$(inherited) @executable_path/Frameworks";
				PRODUCT_NAME = "$(TARGET_NAME)";
			};
			name = Release;
		};
		DC58F6C61AC938B600041E66 /* Debug */ = {
			isa = XCBuildConfiguration;
			buildSettings = {
				BUNDLE_LOADER = "$(TEST_HOST)";
				FRAMEWORK_SEARCH_PATHS = (
					"$(SDKROOT)/Developer/Library/Frameworks",
					"$(inherited)",
				);
				GCC_PREPROCESSOR_DEFINITIONS = (
					"DEBUG=1",
					"$(inherited)",
				);
				INFOPLIST_FILE = HangmanTests/Info.plist;
				LD_RUNPATH_SEARCH_PATHS = "$(inherited) @executable_path/Frameworks @loader_path/Frameworks";
				PRODUCT_NAME = "$(TARGET_NAME)";
				TEST_HOST = "$(BUILT_PRODUCTS_DIR)/Hangman.app/Hangman";
			};
			name = Debug;
		};
		DC58F6C71AC938B600041E66 /* Release */ = {
			isa = XCBuildConfiguration;
			buildSettings = {
				BUNDLE_LOADER = "$(TEST_HOST)";
				FRAMEWORK_SEARCH_PATHS = (
					"$(SDKROOT)/Developer/Library/Frameworks",
					"$(inherited)",
				);
				INFOPLIST_FILE = HangmanTests/Info.plist;
				LD_RUNPATH_SEARCH_PATHS = "$(inherited) @executable_path/Frameworks @loader_path/Frameworks";
				PRODUCT_NAME = "$(TARGET_NAME)";
				TEST_HOST = "$(BUILT_PRODUCTS_DIR)/Hangman.app/Hangman";
			};
			name = Release;
		};
/* End XCBuildConfiguration section */

/* Begin XCConfigurationList section */
		DC58F69A1AC938B500041E66 /* Build configuration list for PBXProject "Hangman" */ = {
			isa = XCConfigurationList;
			buildConfigurations = (
				DC58F6C01AC938B600041E66 /* Debug */,
				DC58F6C11AC938B600041E66 /* Release */,
			);
			defaultConfigurationIsVisible = 0;
			defaultConfigurationName = Release;
		};
		DC58F6C21AC938B600041E66 /* Build configuration list for PBXNativeTarget "Hangman" */ = {
			isa = XCConfigurationList;
			buildConfigurations = (
				DC58F6C31AC938B600041E66 /* Debug */,
				DC58F6C41AC938B600041E66 /* Release */,
			);
			defaultConfigurationIsVisible = 0;
			defaultConfigurationName = Release;
		};
		DC58F6C51AC938B600041E66 /* Build configuration list for PBXNativeTarget "HangmanTests" */ = {
			isa = XCConfigurationList;
			buildConfigurations = (
				DC58F6C61AC938B600041E66 /* Debug */,
				DC58F6C71AC938B600041E66 /* Release */,
			);
			defaultConfigurationIsVisible = 0;
			defaultConfigurationName = Release;
		};
/* End XCConfigurationList section */
	};
	rootObject = DC58F6971AC938B500041E66 /* Project object */;
}
